// !$*UTF8*$!
{
	archiveVersion = 1;
	classes = {
	};
	objectVersion = 46;
	objects = {

/* Begin PBXBuildFile section */
		099758481F634A8B0078C360 /* AppDelegate.swift in Sources */ = {isa = PBXBuildFile; fileRef = 099758471F634A8B0078C360 /* AppDelegate.swift */; };
		0997584A1F634A8B0078C360 /* FaceViewController.swift in Sources */ = {isa = PBXBuildFile; fileRef = 099758491F634A8B0078C360 /* FaceViewController.swift */; };
		0997584D1F634A8B0078C360 /* Main.storyboard in Resources */ = {isa = PBXBuildFile; fileRef = 0997584B1F634A8B0078C360 /* Main.storyboard */; };
		0997584F1F634A8B0078C360 /* Assets.xcassets in Resources */ = {isa = PBXBuildFile; fileRef = 0997584E1F634A8B0078C360 /* Assets.xcassets */; };
		099758521F634A8B0078C360 /* LaunchScreen.storyboard in Resources */ = {isa = PBXBuildFile; fileRef = 099758501F634A8B0078C360 /* LaunchScreen.storyboard */; };
		0997585B1F634B680078C360 /* FaceView.swift in Sources */ = {isa = PBXBuildFile; fileRef = 0997585A1F634B680078C360 /* FaceView.swift */; };
		0997585D1F637B5E0078C360 /* FacialExpression.swift in Sources */ = {isa = PBXBuildFile; fileRef = 0997585C1F637B5E0078C360 /* FacialExpression.swift */; };
		099A4F031F6464F5004DC9D9 /* EmotionsViewController.swift in Sources */ = {isa = PBXBuildFile; fileRef = 099A4F021F6464F5004DC9D9 /* EmotionsViewController.swift */; };
/* End PBXBuildFile section */

/* Begin PBXFileReference section */
		099758441F634A8A0078C360 /* FaceIt.app */ = {isa = PBXFileReference; explicitFileType = wrapper.application; includeInIndex = 0; path = FaceIt.app; sourceTree = BUILT_PRODUCTS_DIR; };
		099758471F634A8B0078C360 /* AppDelegate.swift */ = {isa = PBXFileReference; lastKnownFileType = sourcecode.swift; path = AppDelegate.swift; sourceTree = "<group>"; };
		099758491F634A8B0078C360 /* FaceViewController.swift */ = {isa = PBXFileReference; lastKnownFileType = sourcecode.swift; path = FaceViewController.swift; sourceTree = "<group>"; };
		0997584C1F634A8B0078C360 /* Base */ = {isa = PBXFileReference; lastKnownFileType = file.storyboard; name = Base; path = Base.lproj/Main.storyboard; sourceTree = "<group>"; };
		0997584E1F634A8B0078C360 /* Assets.xcassets */ = {isa = PBXFileReference; lastKnownFileType = folder.assetcatalog; path = Assets.xcassets; sourceTree = "<group>"; };
		099758511F634A8B0078C360 /* Base */ = {isa = PBXFileReference; lastKnownFileType = file.storyboard; name = Base; path = Base.lproj/LaunchScreen.storyboard; sourceTree = "<group>"; };
		099758531F634A8B0078C360 /* Info.plist */ = {isa = PBXFileReference; lastKnownFileType = text.plist.xml; path = Info.plist; sourceTree = "<group>"; };
		0997585A1F634B680078C360 /* FaceView.swift */ = {isa = PBXFileReference; fileEncoding = 4; lastKnownFileType = sourcecode.swift; path = FaceView.swift; sourceTree = "<group>"; };
		0997585C1F637B5E0078C360 /* FacialExpression.swift */ = {isa = PBXFileReference; fileEncoding = 4; lastKnownFileType = sourcecode.swift; path = FacialExpression.swift; sourceTree = "<group>"; };
		099A4F021F6464F5004DC9D9 /* EmotionsViewController.swift */ = {isa = PBXFileReference; fileEncoding = 4; lastKnownFileType = sourcecode.swift; path = EmotionsViewController.swift; sourceTree = "<group>"; };
/* End PBXFileReference section */

/* Begin PBXFrameworksBuildPhase section */
		099758411F634A8A0078C360 /* Frameworks */ = {
			isa = PBXFrameworksBuildPhase;
			buildActionMask = 2147483647;
			files = (
			);
			runOnlyForDeploymentPostprocessing = 0;
		};
/* End PBXFrameworksBuildPhase section */

/* Begin PBXGroup section */
		0997583B1F634A8A0078C360 = {
			isa = PBXGroup;
			children = (
				099758461F634A8B0078C360 /* FaceIt */,
				099758451F634A8A0078C360 /* Products */,
			);
			sourceTree = "<group>";
		};
		099758451F634A8A0078C360 /* Products */ = {
			isa = PBXGroup;
			children = (
				099758441F634A8A0078C360 /* FaceIt.app */,
			);
			name = Products;
			sourceTree = "<group>";
		};
		099758461F634A8B0078C360 /* FaceIt */ = {
			isa = PBXGroup;
			children = (
				099758591F634AA70078C360 /* New Group */,
				099758491F634A8B0078C360 /* FaceViewController.swift */,
				0997584B1F634A8B0078C360 /* Main.storyboard */,
				099A4F021F6464F5004DC9D9 /* EmotionsViewController.swift */,
				0997585A1F634B680078C360 /* FaceView.swift */,
				0997585C1F637B5E0078C360 /* FacialExpression.swift */,
			);
			path = FaceIt;
			sourceTree = "<group>";
		};
		099758591F634AA70078C360 /* New Group */ = {
			isa = PBXGroup;
			children = (
				099758471F634A8B0078C360 /* AppDelegate.swift */,
				0997584E1F634A8B0078C360 /* Assets.xcassets */,
				099758501F634A8B0078C360 /* LaunchScreen.storyboard */,
				099758531F634A8B0078C360 /* Info.plist */,
			);
			name = "New Group";
			sourceTree = "<group>";
		};
/* End PBXGroup section */

/* Begin PBXNativeTarget section */
		099758431F634A8A0078C360 /* FaceIt */ = {
			isa = PBXNativeTarget;
			buildConfigurationList = 099758561F634A8B0078C360 /* Build configuration list for PBXNativeTarget "FaceIt" */;
			buildPhases = (
				099758401F634A8A0078C360 /* Sources */,
				099758411F634A8A0078C360 /* Frameworks */,
				099758421F634A8A0078C360 /* Resources */,
			);
			buildRules = (
			);
			dependencies = (
			);
			name = FaceIt;
			productName = FaceIt;
			productReference = 099758441F634A8A0078C360 /* FaceIt.app */;
			productType = "com.apple.product-type.application";
		};
/* End PBXNativeTarget section */

/* Begin PBXProject section */
		0997583C1F634A8A0078C360 /* Project object */ = {
			isa = PBXProject;
			attributes = {
				LastSwiftUpdateCheck = 0830;
				LastUpgradeCheck = 0830;
				ORGANIZATIONNAME = "Aaditya Deowanshi";
				TargetAttributes = {
					099758431F634A8A0078C360 = {
						CreatedOnToolsVersion = 8.3.3;
						DevelopmentTeam = 2ZQVGK8895;
						ProvisioningStyle = Automatic;
					};
				};
			};
			buildConfigurationList = 0997583F1F634A8A0078C360 /* Build configuration list for PBXProject "FaceIt" */;
			compatibilityVersion = "Xcode 3.2";
			developmentRegion = English;
			hasScannedForEncodings = 0;
			knownRegions = (
				en,
				Base,
			);
			mainGroup = 0997583B1F634A8A0078C360;
			productRefGroup = 099758451F634A8A0078C360 /* Products */;
			projectDirPath = "";
			projectRoot = "";
			targets = (
				099758431F634A8A0078C360 /* FaceIt */,
			);
		};
/* End PBXProject section */

/* Begin PBXResourcesBuildPhase section */
		099758421F634A8A0078C360 /* Resources */ = {
			isa = PBXResourcesBuildPhase;
			buildActionMask = 2147483647;
			files = (
				099758521F634A8B0078C360 /* LaunchScreen.storyboard in Resources */,
				0997584F1F634A8B0078C360 /* Assets.xcassets in Resources */,
				0997584D1F634A8B0078C360 /* Main.storyboard in Resources */,
			);
			runOnlyForDeploymentPostprocessing = 0;
		};
/* End PBXResourcesBuildPhase section */

/* Begin PBXSourcesBuildPhase section */
		099758401F634A8A0078C360 /* Sources */ = {
			isa = PBXSourcesBuildPhase;
			buildActionMask = 2147483647;
			files = (
				0997584A1F634A8B0078C360 /* FaceViewController.swift in Sources */,
				0997585D1F637B5E0078C360 /* FacialExpression.swift in Sources */,
				099A4F031F6464F5004DC9D9 /* EmotionsViewController.swift in Sources */,
				099758481F634A8B0078C360 /* AppDelegate.swift in Sources */,
				0997585B1F634B680078C360 /* FaceView.swift in Sources */,
			);
			runOnlyForDeploymentPostprocessing = 0;
		};
/* End PBXSourcesBuildPhase section */

/* Begin PBXVariantGroup section */
		0997584B1F634A8B0078C360 /* Main.storyboard */ = {
			isa = PBXVariantGroup;
			children = (
				0997584C1F634A8B0078C360 /* Base */,
			);
			name = Main.storyboard;
			sourceTree = "<group>";
		};
		099758501F634A8B0078C360 /* LaunchScreen.storyboard */ = {
			isa = PBXVariantGroup;
			children = (
				099758511F634A8B0078C360 /* Base */,
			);
			name = LaunchScreen.storyboard;
			sourceTree = "<group>";
		};
/* End PBXVariantGroup section */

/* Begin XCBuildConfiguration section */
		099758541F634A8B0078C360 /* Debug */ = {
			isa = XCBuildConfiguration;
			buildSettings = {
				ALWAYS_SEARCH_USER_PATHS = NO;
				CLANG_ANALYZER_NONNULL = YES;
				CLANG_ANALYZER_NUMBER_OBJECT_CONVERSION = YES_AGGRESSIVE;
				CLANG_CXX_LANGUAGE_STANDARD = "gnu++0x";
				CLANG_CXX_LIBRARY = "libc++";
				CLANG_ENABLE_MODULES = YES;
				CLANG_ENABLE_OBJC_ARC = YES;
				CLANG_WARN_BOOL_CONVERSION = YES;
				CLANG_WARN_CONSTANT_CONVERSION = YES;
				CLANG_WARN_DIRECT_OBJC_ISA_USAGE = YES_ERROR;
				CLANG_WARN_DOCUMENTATION_COMMENTS = YES;
				CLANG_WARN_EMPTY_BODY = YES;
				CLANG_WARN_ENUM_CONVERSION = YES;
				CLANG_WARN_INFINITE_RECURSION = YES;
				CLANG_WARN_INT_CONVERSION = YES;
				CLANG_WARN_OBJC_ROOT_CLASS = YES_ERROR;
				CLANG_WARN_SUSPICIOUS_MOVE = YES;
				CLANG_WARN_UNREACHABLE_CODE = YES;
				CLANG_WARN__DUPLICATE_METHOD_MATCH = YES;
				"CODE_SIGN_IDENTITY[sdk=iphoneos*]" = "iPhone Developer";
				COPY_PHASE_STRIP = NO;
				DEBUG_INFORMATION_FORMAT = dwarf;
				ENABLE_STRICT_OBJC_MSGSEND = YES;
				ENABLE_TESTABILITY = YES;
				GCC_C_LANGUAGE_STANDARD = gnu99;
				GCC_DYNAMIC_NO_PIC = NO;
				GCC_NO_COMMON_BLOCKS = YES;
				GCC_OPTIMIZATION_LEVEL = 0;
				GCC_PREPROCESSOR_DEFINITIONS = (
					"DEBUG=1",
					"$(inherited)",
				);
				GCC_WARN_64_TO_32_BIT_CONVERSION = YES;
				GCC_WARN_ABOUT_RETURN_TYPE = YES_ERROR;
				GCC_WARN_UNDECLARED_SELECTOR = YES;
				GCC_WARN_UNINITIALIZED_AUTOS = YES_AGGRESSIVE;
				GCC_WARN_UNUSED_FUNCTION = YES;
				GCC_WARN_UNUSED_VARIABLE = YES;
				IPHONEOS_DEPLOYMENT_TARGET = 10.3;
				MTL_ENABLE_DEBUG_INFO = YES;
				ONLY_ACTIVE_ARCH = YES;
				SDKROOT = iphoneos;
				SWIFT_ACTIVE_COMPILATION_CONDITIONS = DEBUG;
				SWIFT_OPTIMIZATION_LEVEL = "-Onone";
				TARGETED_DEVICE_FAMILY = "1,2";
			};
			name = Debug;
		};
		099758551F634A8B0078C360 /* Release */ = {
			isa = XCBuildConfiguration;
			buildSettings = {
				ALWAYS_SEARCH_USER_PATHS = NO;
				CLANG_ANALYZER_NONNULL = YES;
				CLANG_ANALYZER_NUMBER_OBJECT_CONVERSION = YES_AGGRESSIVE;
				CLANG_CXX_LANGUAGE_STANDARD = "gnu++0x";
				CLANG_CXX_LIBRARY = "libc++";
				CLANG_ENABLE_MODULES = YES;
				CLANG_ENABLE_OBJC_ARC = YES;
				CLANG_WARN_BOOL_CONVERSION = YES;
				CLANG_WARN_CONSTANT_CONVERSION = YES;
				CLANG_WARN_DIRECT_OBJC_ISA_USAGE = YES_ERROR;
				CLANG_WARN_DOCUMENTATION_COMMENTS = YES;
				CLANG_WARN_EMPTY_BODY = YES;
				CLANG_WARN_ENUM_CONVERSION = YES;
				CLANG_WARN_INFINITE_RECURSION = YES;
				CLANG_WARN_INT_CONVERSION = YES;
				CLANG_WARN_OBJC_ROOT_CLASS = YES_ERROR;
				CLANG_WARN_SUSPICIOUS_MOVE = YES;
				CLANG_WARN_UNREACHABLE_CODE = YES;
				CLANG_WARN__DUPLICATE_METHOD_MATCH = YES;
				"CODE_SIGN_IDENTITY[sdk=iphoneos*]" = "iPhone Developer";
				COPY_PHASE_STRIP = NO;
				DEBUG_INFORMATION_FORMAT = "dwarf-with-dsym";
				ENABLE_NS_ASSERTIONS = NO;
				ENABLE_STRICT_OBJC_MSGSEND = YES;
				GCC_C_LANGUAGE_STANDARD = gnu99;
				GCC_NO_COMMON_BLOCKS = YES;
				GCC_WARN_64_TO_32_BIT_CONVERSION = YES;
				GCC_WARN_ABOUT_RETURN_TYPE = YES_ERROR;
				GCC_WARN_UNDECLARED_SELECTOR = YES;
				GCC_WARN_UNINITIALIZED_AUTOS = YES_AGGRESSIVE;
				GCC_WARN_UNUSED_FUNCTION = YES;
				GCC_WARN_UNUSED_VARIABLE = YES;
				IPHONEOS_DEPLOYMENT_TARGET = 10.3;
				MTL_ENABLE_DEBUG_INFO = NO;
				SDKROOT = iphoneos;
				SWIFT_OPTIMIZATION_LEVEL = "-Owholemodule";
				TARGETED_DEVICE_FAMILY = "1,2";
				VALIDATE_PRODUCT = YES;
			};
			name = Release;
		};
		099758571F634A8B0078C360 /* Debug */ = {
			isa = XCBuildConfiguration;
			buildSettings = {
				ASSETCATALOG_COMPILER_APPICON_NAME = AppIcon;
				DEVELOPMENT_TEAM = 2ZQVGK8895;
				INFOPLIST_FILE = FaceIt/Info.plist;
				LD_RUNPATH_SEARCH_PATHS = "$(inherited) @executable_path/Frameworks";
				PRODUCT_BUNDLE_IDENTIFIER = com.ios.aaditya.FaceIt;
				PRODUCT_NAME = "$(TARGET_NAME)";
				SWIFT_VERSION = 3.0;
			};
			name = Debug;
		};
		099758581F634A8B0078C360 /* Release */ = {
			isa = XCBuildConfiguration;
			buildSettings = {
				ASSETCATALOG_COMPILER_APPICON_NAME = AppIcon;
				DEVELOPMENT_TEAM = 2ZQVGK8895;
				INFOPLIST_FILE = FaceIt/Info.plist;
				LD_RUNPATH_SEARCH_PATHS = "$(inherited) @executable_path/Frameworks";
				PRODUCT_BUNDLE_IDENTIFIER = com.ios.aaditya.FaceIt;
				PRODUCT_NAME = "$(TARGET_NAME)";
				SWIFT_VERSION = 3.0;
			};
			name = Release;
		};
/* End XCBuildConfiguration section */

/* Begin XCConfigurationList section */
		0997583F1F634A8A0078C360 /* Build configuration list for PBXProject "FaceIt" */ = {
			isa = XCConfigurationList;
			buildConfigurations = (
				099758541F634A8B0078C360 /* Debug */,
				099758551F634A8B0078C360 /* Release */,
			);
			defaultConfigurationIsVisible = 0;
			defaultConfigurationName = Release;
		};
		099758561F634A8B0078C360 /* Build configuration list for PBXNativeTarget "FaceIt" */ = {
			isa = XCConfigurationList;
			buildConfigurations = (
				099758571F634A8B0078C360 /* Debug */,
				099758581F634A8B0078C360 /* Release */,
			);
			defaultConfigurationIsVisible = 0;
			defaultConfigurationName = Release;
		};
/* End XCConfigurationList section */
	};
	rootObject = 0997583C1F634A8A0078C360 /* Project object */;
}
